
Microsoft Visual Studio Solution File, Format Version 12.00
# Visual Studio Version 17
VisualStudioVersion = 17.1.32407.343
MinimumVisualStudioVersion = 10.0.40219.1
Project("{2150E333-8FDC-42A3-9474-1A3956D46DE8}") = "demo", "demo", "{27A47E70-B698-42F2-B3C1-F1D63EC70A72}"
EndProject
Project("{2150E333-8FDC-42A3-9474-1A3956D46DE8}") = "src", "src", "{D71DDAC8-E342-441A-BB2C-7F5FE87B59BC}"
EndProject
Project("{FAE04EC0-301F-11D3-BF4B-00C04F79EFBC}") = "OpenDeepSpace.Npoi", "..\src\OpenDeepSpace.Npoi\OpenDeepSpace.Npoi\OpenDeepSpace.Npoi.csproj", "{CF15A664-B24C-472A-B9F2-E9A0CCE59954}"
EndProject
Global
	GlobalSection(SolutionConfigurationPlatforms) = preSolution
		Debug|Any CPU = Debug|Any CPU
		Release|Any CPU = Release|Any CPU
	EndGlobalSection
	GlobalSection(ProjectConfigurationPlatforms) = postSolution
		{CF15A664-B24C-472A-B9F2-E9A0CCE59954}.Debug|Any CPU.ActiveCfg = Debug|Any CPU
		{CF15A664-B24C-472A-B9F2-E9A0CCE59954}.Debug|Any CPU.Build.0 = Debug|Any CPU
		{CF15A664-B24C-472A-B9F2-E9A0CCE59954}.Release|Any CPU.ActiveCfg = Release|Any CPU
		{CF15A664-B24C-472A-B9F2-E9A0CCE59954}.Release|Any CPU.Build.0 = Release|Any CPU
	EndGlobalSection
	GlobalSection(SolutionProperties) = preSolution
		HideSolutionNode = FALSE
	EndGlobalSection
	GlobalSection(NestedProjects) = preSolution
		{CF15A664-B24C-472A-B9F2-E9A0CCE59954} = {D71DDAC8-E342-441A-BB2C-7F5FE87B59BC}
	EndGlobalSection
	GlobalSection(ExtensibilityGlobals) = postSolution
		SolutionGuid = {013C5B89-9CCD-4A2E-BBEF-5C77BD259064}
	EndGlobalSection
EndGlobal
